github.com/cenkalti/backoff/v4 v4.3.0 h1:MyRJ/UdXutAwSAT+s3wNd7MfTIcy71VQueUuFK343L8=
github.com/cenkalti/backoff/v4 v4.3.0/go.mod h1:Y3VNntkOUPxTVeUxJ/G5vcM//AlwfmyYozVcomhLiZE=
github.com/cespare/xxhash/v2 v2.2.0 h1:DC2CZ1Ep5Y4k3ZQ899DldepgrayRUGE6BBZ/cd9Cj44=
github.com/cespare/xxhash/v2 v2.2.0/go.mod h1:VGX0DQ3Q6kWi7AoAeZDth3/j3BFtOZR5XLFGgcrjCOs=
github.com/cespare/xxhash/v2 v2.3.0 h1:UL815xU9SqsFlibzuggzjXhog7bL6oX9BbNZnL2UFvs=
github.com/cespare/xxhash/v2 v2.3.0/go.mod h1:VGX0DQ3Q6kWi7AoAeZDth3/j3BFtOZR5XLFGgcrjCOs=
github.com/dgryski/go-rendezvous v0.0.0-20200823014737-9f7001d12a5f h1:lO4WD4F/rVNCu3HqELle0jiPLLBs70cWOduZpkS1E78=
github.com/dgryski/go-rendezvous v0.0.0-20200823014737-9f7001d12a5f/go.mod h1:cuUVRXasLTGF7a8hSLbxyZXjz+1KgoB3wDUb6vlszIc=
github.com/go-logr/logr v1.2.2/go.mod h1:jdQByPbusPIv2/zmleS9BjJVeZ6kBagPoEUsqbVz/1A=
github.com/go-logr/logr v1.4.2 h1:6pFjapn8bFcIbiKo3XT4j/BhANplGihG6tvd+8rYgrY=
github.com/go-logr/logr v1.4.2/go.mod h1:9T104GzyrTigFIr8wt5mBrctHMim0Nb2HLGrmQ40KvY=
github.com/go-logr/stdr v1.2.2 h1:hSWxHoqTgW2S2qGc0LTAI563KZ5YKYRhT3MFKZMbjag=
github.com/go-logr/stdr v1.2.2/go.mod h1:mMo/vtBO5dYbehREoey6XUKy/eSumjCCveDpRre4VKE=
github.com/golang/protobuf v1.5.4 h1:i7eJL8qZTpSEXOPTxNKhASYpMn+8e5Q6AdndVa1dWek=
github.com/golang/protobuf v1.5.4/go.mod h1:lnTiLA8Wa4RWRcIUkrtSVa5nRhsEGBg48fD6rSs7xps=
github.com/google/uuid v1.6.0 h1:NIvaJDMOsjHA8n1jAhLSgzrAzy1Hgr+hNrb57e+94F0=
github.com/google/uuid v1.6.0/go.mod h1:TIyPZe4MgqvfeYDBFedMoGGpEw/LqOeaOT+nhxU+yHo=
github.com/grpc-ecosystem/go-grpc-middleware/v2 v2.1.0 h1:pRhl55Yx1eC7BZ1N+BBWwnKaMyD8uC+34TLdndZMAKk=
github.com/grpc-ecosystem/go-grpc-middleware/v2 v2.1.0/go.mod h1:XKMd7iuf/RGPSMJ/U4HP0zS2Z9Fh8Ps9a+6X26m/tmI=
github.com/grpc-ecosystem/grpc-gateway/v2 v2.21.0 h1:CWyXh/jylQWp2dtiV33mY4iSSp6yf4lmn+c7/tN+ObI=
github.com/grpc-ecosystem/grpc-gateway/v2 v2.21.0/go.mod h1:nCLIt0w3Ept2NwF8ThLmrppXsfT07oC8k0XNDxd8sVU=
github.com/opiproject/gospdk v0.0.0-20240415072512-98d71122a73b h1:SlDLubL/Bo0ehKR0fNHUJosQ+ZNUrFpxFFmUKdNOxh8=
github.com/opiproject/gospdk v0.0.0-20240415072512-98d71122a73b/go.mod h1:9CMbTd9ptR6tl6HRRn8C33DPeWF85hTo4KZCa5iKftY=
github.com/opiproject/opi-api v0.0.0-20240808163627-6cd218088dda h1:yNZlmm+QZ8HjQfZEA1iTaB/br8jYDlf+6YD9DCLGuYE=
github.com/opiproject/opi-api v0.0.0-20240808163627-6cd218088dda/go.mod h1:92pv4ulvvPMuxCJ9ND3aYbmBfEMLx0VCjpkiR7ZTqPY=
github.com/opiproject/opi-spdk-bridge v0.1.2-0.20240802214415-3ea0578919ae h1:+pG5JhvHOZ3722NuCqyb83AJTDf9HPBB9GN7hmslhng=
github.com/opiproject/opi-spdk-bridge v0.1.2-0.20240802214415-3ea0578919ae/go.mod h1:NHOBnVC8lbRL4r+IxCA1sNvEXAAXf4wRsdwgOJvlQQA=
github.com/philippgille/gokv v0.7.0 h1:rQSIQspete82h78Br7k7rKUZ8JYy/hWlwzm/W5qobPI=
github.com/philippgille/gokv v0.7.0/go.mod h1:OwiTP/3bhEBhSuOmFmq1+rszglfSgjJVxd1HOgOa2N4=
github.com/philippgille/gokv/encoding v0.7.0 h1:2oxepKzzTsi00iLZBCZ7Rmqrallh9zws3iqSrLGfkgo=
github.com/philippgille/gokv/encoding v0.7.0/go.mod h1:yncOBBUciyniPI8t5ECF8XSCwhONE9Rjf3My5IHs3fA=
github.com/philippgille/gokv/redis v0.7.0 h1:SNQR4EWbT/wheBm2RdXQQd5C8Y9xV7+z6ZQmqfv1pg0=
github.com/philippgille/gokv/redis v0.7.0/go.mod h1:/0Sklpef240aPU1LbyFI2ZtmKnGreCHR0G6FWVDaHAc=
github.com/philippgille/gokv/util v0.7.0 h1:5avUK/a3aSj/aWjhHv4/FkqgMon2B7k2BqFgLcR+DYg=
github.com/philippgille/gokv/util v0.7.0/go.mod h1:i9KLHbPxGiHLMhkix/CcDQhpPbCkJy5BkW+RKgwDHMo=
github.com/redis/go-redis/v9 v9.4.0 h1:Yzoz33UZw9I/mFhx4MNrB6Fk+XHO1VukNcCa1+lwyKk=
github.com/redis/go-redis/v9 v9.4.0/go.mod h1:hdY0cQFCN4fnSYT6TkisLufl/4W5UIXyv0b/CLO2V2M=
github.com/redis/go-redis/v9 v9.6.1 h1:HHDteefn6ZkTtY5fGUE8tj8uy85AHk6zP7CpzIAM0y4=
github.com/redis/go-redis/v9 v9.6.1/go.mod h1:0C0c6ycQsdpVNQpxb1njEQIqkx5UcsM8FJCQLgE9+RA=
go.einride.tech/aip v0.68.0 h1:4seM66oLzTpz50u4K1zlJyOXQ3tCzcJN7I22tKkjipw=
go.einride.tech/aip v0.68.0/go.mod h1:7y9FF8VtPWqpxuAxl0KQWqaULxW4zFIesD6zF5RIHHg=
go.opentelemetry.io/otel v1.28.0 h1:/SqNcYk+idO0CxKEUOtKQClMK/MimZihKYMruSMViUo=
go.opentelemetry.io/otel v1.28.0/go.mod h1:q68ijF8Fc8CnMHKyzqL6akLO46ePnjkgfIMIjUIX9z4=
go.opentelemetry.io/otel/exporters/otlp/otlptrace v1.28.0 h1:3Q/xZUyC1BBkualc9ROb4G8qkH90LXEIICcs5zv1OYY=
go.opentelemetry.io/otel/exporters/otlp/otlptrace v1.28.0/go.mod h1:s75jGIWA9OfCMzF0xr+ZgfrB5FEbbV7UuYo32ahUiFI=
go.opentelemetry.io/otel/exporters/otlp/otlptrace/otlptracegrpc v1.28.0 h1:R3X6ZXmNPRR8ul6i3WgFURCHzaXjHdm0karRG/+dj3s=
go.opentelemetry.io/otel/exporters/otlp/otlptrace/otlptracegrpc v1.28.0/go.mod h1:QWFXnDavXWwMx2EEcZsf3yxgEKAqsxQ+Syjp+seyInw=
go.opentelemetry.io/otel/metric v1.28.0 h1:f0HGvSl1KRAU1DLgLGFjrwVyismPlnuU6JD6bOeuA5Q=
go.opentelemetry.io/otel/metric v1.28.0/go.mod h1:Fb1eVBFZmLVTMb6PPohq3TO9IIhUisDsbJoL/+uQW4s=
go.opentelemetry.io/otel/sdk v1.28.0 h1:b9d7hIry8yZsgtbmM0DKyPWMMUMlK9NEKuIG4aBqWyE=
go.opentelemetry.io/otel/sdk v1.28.0/go.mod h1:oYj7ClPUA7Iw3m+r7GeEjz0qckQRJK2B8zjcZEfu7Pg=
go.opentelemetry.io/otel/trace v1.28.0 h1:GhQ9cUuQGmNDd5BTCP2dAvv75RdMxEfTmYejp+lkx9g=
go.opentelemetry.io/otel/trace v1.28.0/go.mod h1:jPyXzNPg6da9+38HEwElrQiHlVMTnVfM3/yv2OlIHaI=
go.opentelemetry.io/proto/otlp v1.3.1 h1:TrMUixzpM0yuc/znrFTP9MMRh8trP93mkCiDVeXrui0=
go.opentelemetry.io/proto/otlp v1.3.1/go.mod h1:0X1WI4de4ZsLrrJNLAQbFeLCm3T7yBkR0XqQ7niQU+8=
golang.org/x/net v0.28.0 h1:a9JDOJc5GMUJ0+UDqmLT86WiEy7iWyIhz8gz8E4e5hE=
golang.org/x/net v0.28.0/go.mod h1:yqtgsTWOOnlGLG9GFRrK3++bGOUEkNBoHZc8MEDWPNg=
golang.org/x/sys v0.24.0 h1:Twjiwq9dn6R1fQcyiK+wQyHWfaz/BJB+YIpzU/Cv3Xg=
golang.org/x/sys v0.24.0/go.mod h1:/VUhepiaJMQUp4+oa/7Zr1D23ma6VTLIYjOOTFZPUcA=
golang.org/x/text v0.17.0 h1:XtiM5bkSOt+ewxlOE/aE/AKEHibwj/6gvWMl9Rsh0Qc=
golang.org/x/text v0.17.0/go.mod h1:BuEKDfySbSR4drPmRPG/7iBdf8hvFMuRexcpahXilzY=
golang.org/x/xerrors v0.0.0-20191204190536-9bdfabe68543/go.mod h1:I/5z698sn9Ka8TeJc9MKroUUfqBBauWjQqLJ2OPfmY0=
google.golang.org/genproto v0.0.0-20240814211410-ddb44dafa142 h1:oLiyxGgE+rt22duwci1+TG7bg2/L1LQsXwfjPlmuJA0=
google.golang.org/genproto v0.0.0-20240814211410-ddb44dafa142/go.mod h1:G11eXq53iI5Q+kyNOmCvnzBaxEA2Q/Ik5Tj7nqBE8j4=
google.golang.org/genproto/googleapis/api v0.0.0-20240814211410-ddb44dafa142 h1:wKguEg1hsxI2/L3hUYrpo1RVi48K+uTyzKqprwLXsb8=
google.golang.org/genproto/googleapis/api v0.0.0-20240814211410-ddb44dafa142/go.mod h1:d6be+8HhtEtucleCbxpPW9PA9XwISACu8nvpPqF0BVo=
google.golang.org/genproto/googleapis/rpc v0.0.0-20240814211410-ddb44dafa142 h1:e7S5W7MGGLaSu8j3YjdezkZ+m1/Nm0uRVRMEMGk26Xs=
google.golang.org/genproto/googleapis/rpc v0.0.0-20240814211410-ddb44dafa142/go.mod h1:UqMtugtsSgubUsoxbuAoiCXvqvErP7Gf0so0mK9tHxU=
google.golang.org/grpc v1.65.0 h1:bs/cUb4lp1G5iImFFd3u5ixQzweKizoZJAwBNLR42lc=
google.golang.org/grpc v1.65.0/go.mod h1:WgYC2ypjlB0EiQi6wdKixMqukr6lBc0Vo+oOgjrM5ZQ=
google.golang.org/protobuf v1.34.2 h1:6xV6lTsCfpGD21XK49h7MhtcApnLqkfYgPcdHftf6hg=
google.golang.org/protobuf v1.34.2/go.mod h1:qYOHts0dSfpeUzUFpOMr/WGzszTmLH+DiWniOlNbLDw=
